
Microsoft Visual Studio Solution File, Format Version 12.00
# Visual Studio Version 17
VisualStudioVersion = 17.9.34902.65
MinimumVisualStudioVersion = 10.0.40219.1
Project("{9A19103F-16F7-4668-BE54-9A1E7A4F7556}") = "CLASSICDotNet", "CLASSICDotNet.csproj", "{BA2FED68-ED79-488E-B1D2-62BE2D250C49}"
EndProject
Project("{2150E333-8FDC-42A3-9474-1A3956D46DE8}") = "Solution Items", "Solution Items", "{8308827B-6A78-4EAC-AC45-A12FC77D969C}"
	ProjectSection(SolutionItems) = preProject
		Class1.cs = Class1.cs
	EndProjectSection
EndProject
Global
	GlobalSection(SolutionConfigurationPlatforms) = preSolution
		Debug|Any CPU = Debug|Any CPU
		Release|Any CPU = Release|Any CPU
	EndGlobalSection
	GlobalSection(ProjectConfigurationPlatforms) = postSolution
		{BA2FED68-ED79-488E-B1D2-62BE2D250C49}.Debug|Any CPU.ActiveCfg = Debug|Any CPU
		{BA2FED68-ED79-488E-B1D2-62BE2D250C49}.Debug|Any CPU.Build.0 = Debug|Any CPU
		{BA2FED68-ED79-488E-B1D2-62BE2D250C49}.Release|Any CPU.ActiveCfg = Release|Any CPU
		{BA2FED68-ED79-488E-B1D2-62BE2D250C49}.Release|Any CPU.Build.0 = Release|Any CPU
	EndGlobalSection
	GlobalSection(SolutionProperties) = preSolution
		HideSolutionNode = FALSE
	EndGlobalSection
	GlobalSection(ExtensibilityGlobals) = postSolution
		SolutionGuid = {2A33E8F2-8FD6-490C-8380-1C0B0154ECCD}
	EndGlobalSection
EndGlobal
